
Microsoft Visual Studio Solution File, Format Version 12.00
# Visual Studio Version 16
VisualStudioVersion = 16.0.31019.35
MinimumVisualStudioVersion = 10.0.40219.1
Project("{FAE04EC0-301F-11D3-BF4B-00C04F79EFBC}") = "DocumentRegistration", "DocumentRegistration.csproj", "{72080260-4A90-4471-8CFC-9281B74D9E9D}"
EndProject
Global
	GlobalSection(SolutionConfigurationPlatforms) = preSolution
		Debug|Any CPU = Debug|Any CPU
		Release|Any CPU = Release|Any CPU
	EndGlobalSection
	GlobalSection(ProjectConfigurationPlatforms) = postSolution
		{72080260-4A90-4471-8CFC-9281B74D9E9D}.Debug|Any CPU.ActiveCfg = Debug|Any CPU
		{72080260-4A90-4471-8CFC-9281B74D9E9D}.Debug|Any CPU.Build.0 = Debug|Any CPU
		{72080260-4A90-4471-8CFC-9281B74D9E9D}.Release|Any CPU.ActiveCfg = Release|Any CPU
		{72080260-4A90-4471-8CFC-9281B74D9E9D}.Release|Any CPU.Build.0 = Release|Any CPU
	EndGlobalSection
	GlobalSection(SolutionProperties) = preSolution
		HideSolutionNode = FALSE
	EndGlobalSection
	GlobalSection(ExtensibilityGlobals) = postSolution
		SolutionGuid = {8A85C473-2C1B-4B29-896C-31DA07D678E6}
	EndGlobalSection
EndGlobal
